<?xml version="1.0" encoding="utf-8"?>
<Project ToolsVersion="4.0" xmlns="http://schemas.microsoft.com/developer/msbuild/2003">
  <ItemGroup>
    <Filter Include="源文件">
      <UniqueIdentifier>{4FC737F1-C7A5-4376-A066-2A32D752A2FF}</UniqueIdentifier>
      <Extensions>cpp;c;cc;cxx;c++;cppm;ixx;def;odl;idl;hpj;bat;asm;asmx</Extensions>
    </Filter>
    <Filter Include="头文件">
      <UniqueIdentifier>{93995380-89BD-4b04-88EB-625FBE52EBFB}</UniqueIdentifier>
      <Extensions>h;hh;hpp;hxx;h++;hm;inl;inc;ipp;xsd</Extensions>
    </Filter>
    <Filter Include="资源文件">
      <UniqueIdentifier>{67DA6AB6-F800-4c08-8B7A-83BB121AAD01}</UniqueIdentifier>
      <Extensions>rc;ico;cur;bmp;dlg;rc2;rct;bin;rgs;gif;jpg;jpeg;jpe;resx;tiff;tif;png;wav;mfcribbon-ms</Extensions>
    </Filter>
  </ItemGroup>
  <ItemGroup>
    <ClCompile Include="cpu.cc">
      <Filter>源文件</Filter>
    </ClCompile>
    <ClCompile Include="main.cpp">
      <Filter>源文件</Filter>
    </ClCompile>
    <ClCompile Include="init.cc">
      <Filter>源文件</Filter>
    </ClCompile>
    <ClCompile Include="siminterface.cc">
      <Filter>源文件</Filter>
    </ClCompile>
    <ClCompile Include="paging.cc">
      <Filter>源文件</Filter>
    </ClCompile>
    <ClCompile Include="misc_mem.cc">
      <Filter>源文件</Filter>
    </ClCompile>
    <ClCompile Include="memory_stub.cc">
      <Filter>源文件</Filter>
    </ClCompile>
    <ClCompile Include="icache.cc">
      <Filter>源文件</Filter>
    </ClCompile>
    <ClCompile Include="fetchdecode32.cc">
      <Filter>源文件</Filter>
    </ClCompile>
    <ClCompile Include="fetchdecode_opmap_0f38.cc">
      <Filter>源文件</Filter>
    </ClCompile>
    <ClCompile Include="fetchdecode64.cc">
      <Filter>源文件</Filter>
    </ClCompile>
    <ClCompile Include="disasm.cc">
      <Filter>源文件</Filter>
    </ClCompile>
    <ClCompile Include="fetchdecode_opmap_avx.cc">
      <Filter>源文件</Filter>
    </ClCompile>
    <ClCompile Include="fetchdecode_opmap_evex.cc">
      <Filter>源文件</Filter>
    </ClCompile>
    <ClCompile Include="fetchdecode_opmap_xop.cc">
      <Filter>源文件</Filter>
    </ClCompile>
    <ClCompile Include="cpuid.cc">
      <Filter>源文件</Filter>
    </ClCompile>
    <ClCompile Include="proc_ctrl.cc">
      <Filter>源文件</Filter>
    </ClCompile>
    <ClCompile Include="fetchdecode_opmap_0f3a.cc">
      <Filter>源文件</Filter>
    </ClCompile>
    <ClCompile Include="paramtree.cc">
      <Filter>源文件</Filter>
    </ClCompile>
    <ClCompile Include="crregs.cc">
      <Filter>源文件</Filter>
    </ClCompile>
    <ClCompile Include="smm.cc">
      <Filter>源文件</Filter>
    </ClCompile>
    <ClCompile Include="vmcs.cc">
      <Filter>源文件</Filter>
    </ClCompile>
    <ClCompile Include="xsave.cc">
      <Filter>源文件</Filter>
    </ClCompile>
    <ClCompile Include="msr.cc">
      <Filter>源文件</Filter>
    </ClCompile>
    <ClCompile Include="mwait.cc">
      <Filter>源文件</Filter>
    </ClCompile>
    <ClCompile Include="pc_system.cc">
      <Filter>源文件</Filter>
    </ClCompile>
    <ClCompile Include="myinst.cc">
      <Filter>源文件</Filter>
    </ClCompile>
    <ClCompile Include="ctrl_xfer32.cc">
      <Filter>源文件</Filter>
    </ClCompile>
    <ClCompile Include="jmp_far.cc">
      <Filter>源文件</Filter>
    </ClCompile>
    <ClCompile Include="segment_ctrl_pro.cc">
      <Filter>源文件</Filter>
    </ClCompile>
    <ClCompile Include="vmx.cc">
      <Filter>源文件</Filter>
    </ClCompile>
    <ClCompile Include="devices.cc">
      <Filter>源文件</Filter>
    </ClCompile>
    <ClCompile Include="exception.cc">
      <Filter>源文件</Filter>
    </ClCompile>
    <ClCompile Include="dbg_main.cc">
      <Filter>源文件</Filter>
    </ClCompile>
    <ClCompile Include="unmapped.cc">
      <Filter>源文件</Filter>
    </ClCompile>
    <ClCompile Include="plugin.cc">
      <Filter>源文件</Filter>
    </ClCompile>
    <ClCompile Include="pci.cc">
      <Filter>源文件</Filter>
    </ClCompile>
    <ClCompile Include="coms.cc">
      <Filter>源文件</Filter>
    </ClCompile>
    <ClCompile Include="MD5.cpp">
      <Filter>源文件</Filter>
    </ClCompile>
    <ClCompile Include="ctrl_xfer16.cc">
      <Filter>源文件</Filter>
    </ClCompile>
    <ClCompile Include="flag_ctrl_pro.cc">
      <Filter>源文件</Filter>
    </ClCompile>
    <ClCompile Include="access.cc">
      <Filter>源文件</Filter>
    </ClCompile>
    <ClCompile Include="event.cc">
      <Filter>源文件</Filter>
    </ClCompile>
    <ClCompile Include="access2.cc">
      <Filter>源文件</Filter>
    </ClCompile>
    <ClCompile Include="vapic.cc">
      <Filter>源文件</Filter>
    </ClCompile>
    <ClCompile Include="memory.cc">
      <Filter>源文件</Filter>
    </ClCompile>
    <ClCompile Include="stack.cc">
      <Filter>源文件</Filter>
    </ClCompile>
    <ClCompile Include="cet.cc">
      <Filter>源文件</Filter>
    </ClCompile>
    <ClCompile Include="apic.cc">
      <Filter>源文件</Filter>
    </ClCompile>
    <ClCompile Include="svm.cc">
      <Filter>源文件</Filter>
    </ClCompile>
    <ClCompile Include="vmexit.cc">
      <Filter>源文件</Filter>
    </ClCompile>
    <ClCompile Include="io.cc">
      <Filter>源文件</Filter>
    </ClCompile>
    <ClCompile Include="dma.cc">
      <Filter>源文件</Filter>
    </ClCompile>
    <ClCompile Include="keyboard.cc">
      <Filter>源文件</Filter>
    </ClCompile>
    <ClCompile Include="gui.cc">
      <Filter>源文件</Filter>
    </ClCompile>
    <ClCompile Include="scancodes.cc">
      <Filter>源文件</Filter>
    </ClCompile>
    <ClCompile Include="tasking.cc">
      <Filter>源文件</Filter>
    </ClCompile>
    <ClCompile Include="ctrl_xfer_pro.cc">
      <Filter>源文件</Filter>
    </ClCompile>
    <ClCompile Include="call_far.cc">
      <Filter>源文件</Filter>
    </ClCompile>
    <ClCompile Include="vm8086.cc">
      <Filter>源文件</Filter>
    </ClCompile>
    <ClCompile Include="wide_int.cc">
      <Filter>源文件</Filter>
    </ClCompile>
    <ClCompile Include="parallel.cc">
      <Filter>源文件</Filter>
    </ClCompile>
    <ClCompile Include="serial.cc">
      <Filter>源文件</Filter>
    </ClCompile>
    <ClCompile Include="pic.cc">
      <Filter>源文件</Filter>
    </ClCompile>
    <ClCompile Include="biosdev.cc">
      <Filter>源文件</Filter>
    </ClCompile>
    <ClCompile Include="i486dx4.cc">
      <Filter>源文件</Filter>
    </ClCompile>
    <ClCompile Include="corei7_haswell_4770.cc">
      <Filter>源文件</Filter>
    </ClCompile>
    <ClCompile Include="pit.cc">
      <Filter>源文件</Filter>
    </ClCompile>
    <ClCompile Include="pit82c54.cc">
      <Filter>源文件</Filter>
    </ClCompile>
    <ClCompile Include="speaker.cc">
      <Filter>源文件</Filter>
    </ClCompile>
    <ClCompile Include="bxthread.cc">
      <Filter>源文件</Filter>
    </ClCompile>
    <ClCompile Include="soundlow.cc">
      <Filter>源文件</Filter>
    </ClCompile>
    <ClCompile Include="osdep.cc">
      <Filter>源文件</Filter>
    </ClCompile>
    <ClCompile Include="soundmod.cc">
      <Filter>源文件</Filter>
    </ClCompile>
    <ClCompile Include="virt_timer.cc">
      <Filter>源文件</Filter>
    </ClCompile>
    <ClCompile Include="pci2isa.cc">
      <Filter>源文件</Filter>
    </ClCompile>
    <ClCompile Include="pci_ide.cc">
      <Filter>源文件</Filter>
    </ClCompile>
  </ItemGroup>
  <ItemGroup>
    <ClInclude Include="bochs.h">
      <Filter>头文件</Filter>
    </ClInclude>
    <ClInclude Include="config.h">
      <Filter>头文件</Filter>
    </ClInclude>
    <ClInclude Include="cpu.h">
      <Filter>头文件</Filter>
    </ClInclude>
    <ClInclude Include="icache.h">
      <Filter>头文件</Filter>
    </ClInclude>
    <ClInclude Include="instr.h">
      <Filter>头文件</Filter>
    </ClInclude>
    <ClInclude Include="memory-bochs.h">
      <Filter>头文件</Filter>
    </ClInclude>
    <ClInclude Include="pci.h">
      <Filter>头文件</Filter>
    </ClInclude>
    <ClInclude Include="siminterface.h">
      <Filter>头文件</Filter>
    </ClInclude>
    <ClInclude Include="decoder.h">
      <Filter>头文件</Filter>
    </ClInclude>
    <ClInclude Include="cpustats.h">
      <Filter>头文件</Filter>
    </ClInclude>
    <ClInclude Include="descriptor.h">
      <Filter>头文件</Filter>
    </ClInclude>
    <ClInclude Include="tlb.h">
      <Filter>头文件</Filter>
    </ClInclude>
    <ClInclude Include="iodev.h">
      <Filter>头文件</Filter>
    </ClInclude>
    <ClInclude Include="cpuid.h">
      <Filter>头文件</Filter>
    </ClInclude>
    <ClInclude Include="bswap.h">
      <Filter>头文件</Filter>
    </ClInclude>
    <ClInclude Include="instrument.h">
      <Filter>头文件</Filter>
    </ClInclude>
    <ClInclude Include="fetchdecode.h">
      <Filter>头文件</Filter>
    </ClInclude>
    <ClInclude Include="ia_opcodes.h">
      <Filter>头文件</Filter>
    </ClInclude>
    <ClInclude Include="fetchdecode_opmap.h">
      <Filter>头文件</Filter>
    </ClInclude>
    <ClInclude Include="fetchdecode_x87.h">
      <Filter>头文件</Filter>
    </ClInclude>
    <ClInclude Include="features.h">
      <Filter>头文件</Filter>
    </ClInclude>
    <ClInclude Include="vmx.h">
      <Filter>头文件</Filter>
    </ClInclude>
    <ClInclude Include="vmx_ctrls.h">
      <Filter>头文件</Filter>
    </ClInclude>
    <ClInclude Include="xmm.h">
      <Filter>头文件</Filter>
    </ClInclude>
    <ClInclude Include="softfloat.h">
      <Filter>头文件</Filter>
    </ClInclude>
    <ClInclude Include="simd_int.h">
      <Filter>头文件</Filter>
    </ClInclude>
    <ClInclude Include="simd_pfp.h">
      <Filter>头文件</Filter>
    </ClInclude>
    <ClInclude Include="simd_compare.h">
      <Filter>头文件</Filter>
    </ClInclude>
    <ClInclude Include="vcruntime.h">
      <Filter>头文件</Filter>
    </ClInclude>
    <ClInclude Include="param_names.h">
      <Filter>头文件</Filter>
    </ClInclude>
    <ClInclude Include="paramtree.h">
      <Filter>头文件</Filter>
    </ClInclude>
    <ClInclude Include="crregs.h">
      <Filter>头文件</Filter>
    </ClInclude>
    <ClInclude Include="svm.h">
      <Filter>头文件</Filter>
    </ClInclude>
    <ClInclude Include="smm.h">
      <Filter>头文件</Filter>
    </ClInclude>
    <ClInclude Include="pc_system.h">
      <Filter>头文件</Filter>
    </ClInclude>
    <ClInclude Include="osdep.h">
      <Filter>头文件</Filter>
    </ClInclude>
    <ClInclude Include="lazy_flags.h">
      <Filter>头文件</Filter>
    </ClInclude>
    <ClInclude Include="debug.h">
      <Filter>头文件</Filter>
    </ClInclude>
    <ClInclude Include="plugin.h">
      <Filter>头文件</Filter>
    </ClInclude>
    <ClInclude Include="unmapped.h">
      <Filter>头文件</Filter>
    </ClInclude>
    <ClInclude Include="extplugin.h">
      <Filter>头文件</Filter>
    </ClInclude>
    <ClInclude Include="cmos.h">
      <Filter>头文件</Filter>
    </ClInclude>
    <ClInclude Include="utctime.h">
      <Filter>头文件</Filter>
    </ClInclude>
    <ClInclude Include="MD5.h">
      <Filter>头文件</Filter>
    </ClInclude>
    <ClInclude Include="i387.h">
      <Filter>头文件</Filter>
    </ClInclude>
    <ClInclude Include="access.h">
      <Filter>头文件</Filter>
    </ClInclude>
    <ClInclude Include="apic.h">
      <Filter>头文件</Filter>
    </ClInclude>
    <ClInclude Include="stack.h">
      <Filter>头文件</Filter>
    </ClInclude>
    <ClInclude Include="scalar_arith.h">
      <Filter>头文件</Filter>
    </ClInclude>
    <ClInclude Include="dma.h">
      <Filter>头文件</Filter>
    </ClInclude>
    <ClInclude Include="keyboard.h">
      <Filter>头文件</Filter>
    </ClInclude>
    <ClInclude Include="gui.h">
      <Filter>头文件</Filter>
    </ClInclude>
    <ClInclude Include="scancodes.h">
      <Filter>头文件</Filter>
    </ClInclude>
    <ClInclude Include="msr.h">
      <Filter>头文件</Filter>
    </ClInclude>
    <ClInclude Include="wide_int.h">
      <Filter>头文件</Filter>
    </ClInclude>
    <ClInclude Include="parallel.h">
      <Filter>头文件</Filter>
    </ClInclude>
    <ClInclude Include="serial.h">
      <Filter>头文件</Filter>
    </ClInclude>
    <ClInclude Include="pic.h">
      <Filter>头文件</Filter>
    </ClInclude>
    <ClInclude Include="biosdev.h">
      <Filter>头文件</Filter>
    </ClInclude>
    <ClInclude Include="i386.h">
      <Filter>头文件</Filter>
    </ClInclude>
    <ClInclude Include="i486dx4.h">
      <Filter>头文件</Filter>
    </ClInclude>
    <ClInclude Include="corei7_haswell_4770.h">
      <Filter>头文件</Filter>
    </ClInclude>
    <ClInclude Include="pit.h">
      <Filter>头文件</Filter>
    </ClInclude>
    <ClInclude Include="pit82c54.h">
      <Filter>头文件</Filter>
    </ClInclude>
    <ClInclude Include="speaker.h">
      <Filter>头文件</Filter>
    </ClInclude>
    <ClInclude Include="bxthread.h">
      <Filter>头文件</Filter>
    </ClInclude>
    <ClInclude Include="soundlow.h">
      <Filter>头文件</Filter>
    </ClInclude>
    <ClInclude Include="soundmod.h">
      <Filter>头文件</Filter>
    </ClInclude>
    <ClInclude Include="virt_timer.h">
      <Filter>头文件</Filter>
    </ClInclude>
    <ClInclude Include="pci2isa.h">
      <Filter>头文件</Filter>
    </ClInclude>
    <ClInclude Include="pci_ide.h">
      <Filter>头文件</Filter>
    </ClInclude>
  </ItemGroup>
  <ItemGroup>
    <None Include="ia_opcodes.def">
      <Filter>源文件</Filter>
    </None>
  </ItemGroup>
</Project>