<?xml version="1.0" encoding="utf-8"?>
<Project ToolsVersion="4.0" xmlns="http://schemas.microsoft.com/developer/msbuild/2003">
  <ItemGroup>
    <Filter Include="源文件">
      <UniqueIdentifier>{4FC737F1-C7A5-4376-A066-2A32D752A2FF}</UniqueIdentifier>
      <Extensions>cpp;c;cc;cxx;c++;cppm;ixx;def;odl;idl;hpj;bat;asm;asmx</Extensions>
    </Filter>
    <Filter Include="头文件">
      <UniqueIdentifier>{93995380-89BD-4b04-88EB-625FBE52EBFB}</UniqueIdentifier>
      <Extensions>h;hh;hpp;hxx;h++;hm;inl;inc;ipp;xsd</Extensions>
    </Filter>
    <Filter Include="资源文件">
      <UniqueIdentifier>{67DA6AB6-F800-4c08-8B7A-83BB121AAD01}</UniqueIdentifier>
      <Extensions>rc;ico;cur;bmp;dlg;rc2;rct;bin;rgs;gif;jpg;jpeg;jpe;resx;tiff;tif;png;wav;mfcribbon-ms</Extensions>
    </Filter>
  </ItemGroup>
  <ItemGroup>
    <ClCompile Include="cpu.cc">
      <Filter>源文件</Filter>
    </ClCompile>
    <ClCompile Include="main.cpp">
      <Filter>源文件</Filter>
    </ClCompile>
    <ClCompile Include="init.cc">
      <Filter>源文件</Filter>
    </ClCompile>
    <ClCompile Include="siminterface.cc">
      <Filter>源文件</Filter>
    </ClCompile>
    <ClCompile Include="paging.cc">
      <Filter>源文件</Filter>
    </ClCompile>
    <ClCompile Include="misc_mem.cc">
      <Filter>源文件</Filter>
    </ClCompile>
    <ClCompile Include="memory_stub.cc">
      <Filter>源文件</Filter>
    </ClCompile>
    <ClCompile Include="icache.cc">
      <Filter>源文件</Filter>
    </ClCompile>
    <ClCompile Include="fetchdecode32.cc">
      <Filter>源文件</Filter>
    </ClCompile>
    <ClCompile Include="fetchdecode_opmap_0f38.cc">
      <Filter>源文件</Filter>
    </ClCompile>
    <ClCompile Include="fetchdecode64.cc">
      <Filter>源文件</Filter>
    </ClCompile>
    <ClCompile Include="disasm.cc">
      <Filter>源文件</Filter>
    </ClCompile>
    <ClCompile Include="fetchdecode_opmap_avx.cc">
      <Filter>源文件</Filter>
    </ClCompile>
    <ClCompile Include="fetchdecode_opmap_evex.cc">
      <Filter>源文件</Filter>
    </ClCompile>
    <ClCompile Include="fetchdecode_opmap_xop.cc">
      <Filter>源文件</Filter>
    </ClCompile>
    <ClCompile Include="cpuid.cc">
      <Filter>源文件</Filter>
    </ClCompile>
    <ClCompile Include="proc_ctrl.cc">
      <Filter>源文件</Filter>
    </ClCompile>
    <ClCompile Include="fetchdecode_opmap_0f3a.cc">
      <Filter>源文件</Filter>
    </ClCompile>
    <ClCompile Include="paramtree.cc">
      <Filter>源文件</Filter>
    </ClCompile>
    <ClCompile Include="crregs.cc">
      <Filter>源文件</Filter>
    </ClCompile>
    <ClCompile Include="smm.cc">
      <Filter>源文件</Filter>
    </ClCompile>
    <ClCompile Include="vmcs.cc">
      <Filter>源文件</Filter>
    </ClCompile>
    <ClCompile Include="xsave.cc">
      <Filter>源文件</Filter>
    </ClCompile>
    <ClCompile Include="msr.cc">
      <Filter>源文件</Filter>
    </ClCompile>
    <ClCompile Include="mwait.cc">
      <Filter>源文件</Filter>
    </ClCompile>
    <ClCompile Include="pc_system.cc">
      <Filter>源文件</Filter>
    </ClCompile>
    <ClCompile Include="myinst.cc">
      <Filter>源文件</Filter>
    </ClCompile>
    <ClCompile Include="ctrl_xfer32.cc">
      <Filter>源文件</Filter>
    </ClCompile>
    <ClCompile Include="jmp_far.cc">
      <Filter>源文件</Filter>
    </ClCompile>
    <ClCompile Include="segment_ctrl_pro.cc">
      <Filter>源文件</Filter>
    </ClCompile>
    <ClCompile Include="vmx.cc">
      <Filter>源文件</Filter>
    </ClCompile>
    <ClCompile Include="devices.cc">
      <Filter>源文件</Filter>
    </ClCompile>
    <ClCompile Include="exception.cc">
      <Filter>源文件</Filter>
    </ClCompile>
    <ClCompile Include="dbg_main.cc">
      <Filter>源文件</Filter>
    </ClCompile>
    <ClCompile Include="ddc.cc">
      <Filter>源文件</Filter>
    </ClCompile>
    <ClCompile Include="unmapped.cc">
      <Filter>源文件</Filter>
    </ClCompile>
    <ClCompile Include="plugin.cc">
      <Filter>源文件</Filter>
    </ClCompile>
    <ClCompile Include="pci.cc">
      <Filter>源文件</Filter>
    </ClCompile>
    <ClCompile Include="coms.cc">
      <Filter>源文件</Filter>
    </ClCompile>
    <ClCompile Include="MD5.cpp">
      <Filter>源文件</Filter>
    </ClCompile>
    <ClCompile Include="ctrl_xfer16.cc">
      <Filter>源文件</Filter>
    </ClCompile>
    <ClCompile Include="flag_ctrl_pro.cc">
      <Filter>源文件</Filter>
    </ClCompile>
    <ClCompile Include="floppy.cc">
      <Filter>源文件</Filter>
    </ClCompile>
    <ClCompile Include="access.cc">
      <Filter>源文件</Filter>
    </ClCompile>
    <ClCompile Include="event.cc">
      <Filter>源文件</Filter>
    </ClCompile>
    <ClCompile Include="access2.cc">
      <Filter>源文件</Filter>
    </ClCompile>
    <ClCompile Include="vapic.cc">
      <Filter>源文件</Filter>
    </ClCompile>
    <ClCompile Include="vga.cc">
      <Filter>源文件</Filter>
    </ClCompile>
    <ClCompile Include="vgacore.cc">
      <Filter>源文件</Filter>
    </ClCompile>
    <ClCompile Include="memory.cc">
      <Filter>源文件</Filter>
    </ClCompile>
    <ClCompile Include="stack.cc">
      <Filter>源文件</Filter>
    </ClCompile>
    <ClCompile Include="cet.cc">
      <Filter>源文件</Filter>
    </ClCompile>
    <ClCompile Include="apic.cc">
      <Filter>源文件</Filter>
    </ClCompile>
    <ClCompile Include="svm.cc">
      <Filter>源文件</Filter>
    </ClCompile>
    <ClCompile Include="vmexit.cc">
      <Filter>源文件</Filter>
    </ClCompile>
    <ClCompile Include="io.cc">
      <Filter>源文件</Filter>
    </ClCompile>
    <ClCompile Include="dma.cc">
      <Filter>源文件</Filter>
    </ClCompile>
    <ClCompile Include="keyboard.cc">
      <Filter>源文件</Filter>
    </ClCompile>
    <ClCompile Include="gui.cc">
      <Filter>源文件</Filter>
    </ClCompile>
    <ClCompile Include="harddrv.cc">
      <Filter>源文件</Filter>
    </ClCompile>
    <ClCompile Include="hpet.cc">
      <Filter>源文件</Filter>
    </ClCompile>
    <ClCompile Include="ioapic.cc">
      <Filter>源文件</Filter>
    </ClCompile>
    <ClCompile Include="scancodes.cc">
      <Filter>源文件</Filter>
    </ClCompile>
    <ClCompile Include="tasking.cc">
      <Filter>源文件</Filter>
    </ClCompile>
    <ClCompile Include="ctrl_xfer_pro.cc">
      <Filter>源文件</Filter>
    </ClCompile>
    <ClCompile Include="call_far.cc">
      <Filter>源文件</Filter>
    </ClCompile>
    <ClCompile Include="vm8086.cc">
      <Filter>源文件</Filter>
    </ClCompile>
    <ClCompile Include="wide_int.cc">
      <Filter>源文件</Filter>
    </ClCompile>
    <ClCompile Include="parallel.cc">
      <Filter>源文件</Filter>
    </ClCompile>
    <ClCompile Include="serial.cc">
      <Filter>源文件</Filter>
    </ClCompile>
    <ClCompile Include="pic.cc">
      <Filter>源文件</Filter>
    </ClCompile>
    <ClCompile Include="biosdev.cc">
      <Filter>源文件</Filter>
    </ClCompile>
    <ClCompile Include="i486dx4.cc">
      <Filter>源文件</Filter>
    </ClCompile>
    <ClCompile Include="corei7_haswell_4770.cc">
      <Filter>源文件</Filter>
    </ClCompile>
    <ClCompile Include="pit.cc">
      <Filter>源文件</Filter>
    </ClCompile>
    <ClCompile Include="pit82c54.cc">
      <Filter>源文件</Filter>
    </ClCompile>
    <ClCompile Include="speaker.cc">
      <Filter>源文件</Filter>
    </ClCompile>
    <ClCompile Include="bxthread.cc">
      <Filter>源文件</Filter>
    </ClCompile>
    <ClCompile Include="soundlow.cc">
      <Filter>源文件</Filter>
    </ClCompile>
    <ClCompile Include="osdep.cc">
      <Filter>源文件</Filter>
    </ClCompile>
    <ClCompile Include="soundmod.cc">
      <Filter>源文件</Filter>
    </ClCompile>
    <ClCompile Include="virt_timer.cc">
      <Filter>源文件</Filter>
    </ClCompile>
    <ClCompile Include="pci2isa.cc">
      <Filter>源文件</Filter>
    </ClCompile>
    <ClCompile Include="pci_ide.cc">
      <Filter>源文件</Filter>
    </ClCompile>
    <ClCompile Include="usb_uhci.cc">
      <Filter>源文件</Filter>
    </ClCompile>
    <ClCompile Include="uhci_core.cc">
      <Filter>源文件</Filter>
    </ClCompile>
    <ClCompile Include="usb_common.cc">
      <Filter>源文件</Filter>
    </ClCompile>
    <ClCompile Include="usb_pcap.cc">
      <Filter>源文件</Filter>
    </ClCompile>
    <ClCompile Include="config.cc">
      <Filter>源文件</Filter>
    </ClCompile>
    <ClCompile Include="acpi.cc">
      <Filter>源文件</Filter>
    </ClCompile>
    <ClCompile Include="iret.cc">
      <Filter>源文件</Filter>
    </ClCompile>
    <ClCompile Include="ret_far.cc">
      <Filter>源文件</Filter>
    </ClCompile>
    <ClCompile Include="avx512_helpers.cc">
      <Filter>源文件</Filter>
    </ClCompile>
    <ClCompile Include="hdimage.cc">
      <Filter>源文件</Filter>
    </ClCompile>
    <ClCompile Include="cdrom_win32.cc">
      <Filter>源文件</Filter>
    </ClCompile>
    <ClCompile Include="cdrom.cc">
      <Filter>源文件</Filter>
    </ClCompile>
    <ClCompile Include="keymap.cc">
      <Filter>源文件</Filter>
    </ClCompile>
    <ClCompile Include="nogui.cc">
      <Filter>源文件</Filter>
    </ClCompile>
    <ClCompile Include="win32.cc">
      <Filter>源文件</Filter>
    </ClCompile>
    <ClCompile Include="win32config.cc">
      <Filter>源文件</Filter>
    </ClCompile>
    <ClCompile Include="win32paramdlg.cc">
      <Filter>源文件</Filter>
    </ClCompile>
    <ClCompile Include="scrollwin.cc">
      <Filter>源文件</Filter>
    </ClCompile>
    <ClCompile Include="gather.cc">
      <Filter>源文件</Filter>
    </ClCompile>
    <ClCompile Include="sse_pfp.cc">
      <Filter>源文件</Filter>
    </ClCompile>
    <ClCompile Include="ui32_to_f16.c">
      <Filter>源文件</Filter>
    </ClCompile>
    <ClCompile Include="ui32_to_f32.c">
      <Filter>源文件</Filter>
    </ClCompile>
    <ClCompile Include="ui32_to_f64.c">
      <Filter>源文件</Filter>
    </ClCompile>
    <ClCompile Include="ui32_to_extF80.c">
      <Filter>源文件</Filter>
    </ClCompile>
    <ClCompile Include="ui32_to_f128.c">
      <Filter>源文件</Filter>
    </ClCompile>
    <ClCompile Include="ui64_to_extF80.c">
      <Filter>源文件</Filter>
    </ClCompile>
    <ClCompile Include="ui64_to_f16.c">
      <Filter>源文件</Filter>
    </ClCompile>
    <ClCompile Include="ui64_to_f32.c">
      <Filter>源文件</Filter>
    </ClCompile>
    <ClCompile Include="ui64_to_f64.c">
      <Filter>源文件</Filter>
    </ClCompile>
    <ClCompile Include="ui64_to_f128.c">
      <Filter>源文件</Filter>
    </ClCompile>
    <ClCompile Include="f16_addsub.c">
      <Filter>源文件</Filter>
    </ClCompile>
    <ClCompile Include="f16_class.c">
      <Filter>源文件</Filter>
    </ClCompile>
    <ClCompile Include="f16_compare.c">
      <Filter>源文件</Filter>
    </ClCompile>
    <ClCompile Include="f16_div.c">
      <Filter>源文件</Filter>
    </ClCompile>
    <ClCompile Include="f16_getExp.c">
      <Filter>源文件</Filter>
    </ClCompile>
    <ClCompile Include="f16_getMant.c">
      <Filter>源文件</Filter>
    </ClCompile>
    <ClCompile Include="f16_max.c">
      <Filter>源文件</Filter>
    </ClCompile>
    <ClCompile Include="f16_min.c">
      <Filter>源文件</Filter>
    </ClCompile>
    <ClCompile Include="f16_minmax.c">
      <Filter>源文件</Filter>
    </ClCompile>
    <ClCompile Include="f16_mul.c">
      <Filter>源文件</Filter>
    </ClCompile>
    <ClCompile Include="f16_mulAdd.c">
      <Filter>源文件</Filter>
    </ClCompile>
    <ClCompile Include="f16_range.c">
      <Filter>源文件</Filter>
    </ClCompile>
    <ClCompile Include="f16_roundToInt.c">
      <Filter>源文件</Filter>
    </ClCompile>
    <ClCompile Include="f16_sqrt.c">
      <Filter>源文件</Filter>
    </ClCompile>
    <ClCompile Include="f16_to_extF80.c">
      <Filter>源文件</Filter>
    </ClCompile>
    <ClCompile Include="f16_to_f32.c">
      <Filter>源文件</Filter>
    </ClCompile>
    <ClCompile Include="f16_to_f64.c">
      <Filter>源文件</Filter>
    </ClCompile>
    <ClCompile Include="f16_to_i8.c">
      <Filter>源文件</Filter>
    </ClCompile>
    <ClCompile Include="f16_to_i8_r_minMag.c">
      <Filter>源文件</Filter>
    </ClCompile>
    <ClCompile Include="f16_to_i16.c">
      <Filter>源文件</Filter>
    </ClCompile>
    <ClCompile Include="f16_to_i16_r_minMag.c">
      <Filter>源文件</Filter>
    </ClCompile>
    <ClCompile Include="f16_to_i32.c">
      <Filter>源文件</Filter>
    </ClCompile>
    <ClCompile Include="f16_to_i32_r_minMag.c">
      <Filter>源文件</Filter>
    </ClCompile>
    <ClCompile Include="f16_to_i64.c">
      <Filter>源文件</Filter>
    </ClCompile>
    <ClCompile Include="f16_to_i64_r_minMag.c">
      <Filter>源文件</Filter>
    </ClCompile>
    <ClCompile Include="f16_to_ui8.c">
      <Filter>源文件</Filter>
    </ClCompile>
    <ClCompile Include="f16_to_ui8_r_minMag.c">
      <Filter>源文件</Filter>
    </ClCompile>
    <ClCompile Include="f16_to_ui16.c">
      <Filter>源文件</Filter>
    </ClCompile>
    <ClCompile Include="f16_to_ui16_r_minMag.c">
      <Filter>源文件</Filter>
    </ClCompile>
    <ClCompile Include="f16_to_ui32.c">
      <Filter>源文件</Filter>
    </ClCompile>
    <ClCompile Include="f16_to_ui32_r_minMag.c">
      <Filter>源文件</Filter>
    </ClCompile>
    <ClCompile Include="f16_to_ui64.c">
      <Filter>源文件</Filter>
    </ClCompile>
    <ClCompile Include="f16_to_ui64_r_minMag.c">
      <Filter>源文件</Filter>
    </ClCompile>
    <ClCompile Include="f32_addsub.c">
      <Filter>源文件</Filter>
    </ClCompile>
    <ClCompile Include="f32_class.c">
      <Filter>源文件</Filter>
    </ClCompile>
    <ClCompile Include="f32_compare.c">
      <Filter>源文件</Filter>
    </ClCompile>
    <ClCompile Include="f32_div.c">
      <Filter>源文件</Filter>
    </ClCompile>
    <ClCompile Include="f32_frc.c">
      <Filter>源文件</Filter>
    </ClCompile>
    <ClCompile Include="f32_getExp.c">
      <Filter>源文件</Filter>
    </ClCompile>
    <ClCompile Include="f32_getMant.c">
      <Filter>源文件</Filter>
    </ClCompile>
    <ClCompile Include="f32_max.c">
      <Filter>源文件</Filter>
    </ClCompile>
    <ClCompile Include="f32_min.c">
      <Filter>源文件</Filter>
    </ClCompile>
    <ClCompile Include="f32_minmax.c">
      <Filter>源文件</Filter>
    </ClCompile>
    <ClCompile Include="f32_mul.c">
      <Filter>源文件</Filter>
    </ClCompile>
    <ClCompile Include="f32_mulAdd.c">
      <Filter>源文件</Filter>
    </ClCompile>
    <ClCompile Include="f32_range.c">
      <Filter>源文件</Filter>
    </ClCompile>
    <ClCompile Include="f32_roundToInt.c">
      <Filter>源文件</Filter>
    </ClCompile>
    <ClCompile Include="f32_scalef.c">
      <Filter>源文件</Filter>
    </ClCompile>
    <ClCompile Include="f32_sqrt.c">
      <Filter>源文件</Filter>
    </ClCompile>
    <ClCompile Include="f32_to_extF80.c">
      <Filter>源文件</Filter>
    </ClCompile>
    <ClCompile Include="f32_to_f16.c">
      <Filter>源文件</Filter>
    </ClCompile>
    <ClCompile Include="f32_to_f64.c">
      <Filter>源文件</Filter>
    </ClCompile>
    <ClCompile Include="f32_to_f128.c">
      <Filter>源文件</Filter>
    </ClCompile>
    <ClCompile Include="f32_to_i8.c">
      <Filter>源文件</Filter>
    </ClCompile>
    <ClCompile Include="f32_to_i8_r_minMag.c">
      <Filter>源文件</Filter>
    </ClCompile>
    <ClCompile Include="f32_to_i32.c">
      <Filter>源文件</Filter>
    </ClCompile>
    <ClCompile Include="f32_to_i32_r_minMag.c">
      <Filter>源文件</Filter>
    </ClCompile>
    <ClCompile Include="f32_to_i64.c">
      <Filter>源文件</Filter>
    </ClCompile>
    <ClCompile Include="f32_to_i64_r_minMag.c">
      <Filter>源文件</Filter>
    </ClCompile>
    <ClCompile Include="f32_to_ui8.c">
      <Filter>源文件</Filter>
    </ClCompile>
    <ClCompile Include="f32_to_ui8_r_minMag.c">
      <Filter>源文件</Filter>
    </ClCompile>
    <ClCompile Include="f32_to_ui32.c">
      <Filter>源文件</Filter>
    </ClCompile>
    <ClCompile Include="f32_to_ui32_r_minMag.c">
      <Filter>源文件</Filter>
    </ClCompile>
    <ClCompile Include="f32_to_ui64.c">
      <Filter>源文件</Filter>
    </ClCompile>
    <ClCompile Include="f32_to_ui64_r_minMag.c">
      <Filter>源文件</Filter>
    </ClCompile>
    <ClCompile Include="f64_addsub.c">
      <Filter>源文件</Filter>
    </ClCompile>
    <ClCompile Include="f64_class.c">
      <Filter>源文件</Filter>
    </ClCompile>
    <ClCompile Include="f64_compare.c">
      <Filter>源文件</Filter>
    </ClCompile>
    <ClCompile Include="f64_div.c">
      <Filter>源文件</Filter>
    </ClCompile>
    <ClCompile Include="f64_frc.c">
      <Filter>源文件</Filter>
    </ClCompile>
    <ClCompile Include="f64_getExp.c">
      <Filter>源文件</Filter>
    </ClCompile>
    <ClCompile Include="f64_getMant.c">
      <Filter>源文件</Filter>
    </ClCompile>
    <ClCompile Include="f64_max.c">
      <Filter>源文件</Filter>
    </ClCompile>
    <ClCompile Include="f64_min.c">
      <Filter>源文件</Filter>
    </ClCompile>
    <ClCompile Include="f64_minmax.c">
      <Filter>源文件</Filter>
    </ClCompile>
    <ClCompile Include="f64_mul.c">
      <Filter>源文件</Filter>
    </ClCompile>
    <ClCompile Include="f64_mulAdd.c">
      <Filter>源文件</Filter>
    </ClCompile>
    <ClCompile Include="f64_range.c">
      <Filter>源文件</Filter>
    </ClCompile>
    <ClCompile Include="f64_roundToInt.c">
      <Filter>源文件</Filter>
    </ClCompile>
    <ClCompile Include="f64_scalef.c">
      <Filter>源文件</Filter>
    </ClCompile>
    <ClCompile Include="f64_sqrt.c">
      <Filter>源文件</Filter>
    </ClCompile>
    <ClCompile Include="f64_to_extF80.c">
      <Filter>源文件</Filter>
    </ClCompile>
    <ClCompile Include="f64_to_f16.c">
      <Filter>源文件</Filter>
    </ClCompile>
    <ClCompile Include="f64_to_f32.c">
      <Filter>源文件</Filter>
    </ClCompile>
    <ClCompile Include="f64_to_f128.c">
      <Filter>源文件</Filter>
    </ClCompile>
    <ClCompile Include="f64_to_i32.c">
      <Filter>源文件</Filter>
    </ClCompile>
    <ClCompile Include="f64_to_i32_r_minMag.c">
      <Filter>源文件</Filter>
    </ClCompile>
    <ClCompile Include="f64_to_i64.c">
      <Filter>源文件</Filter>
    </ClCompile>
    <ClCompile Include="f64_to_i64_r_minMag.c">
      <Filter>源文件</Filter>
    </ClCompile>
    <ClCompile Include="f64_to_ui32.c">
      <Filter>源文件</Filter>
    </ClCompile>
    <ClCompile Include="f64_to_ui32_r_minMag.c">
      <Filter>源文件</Filter>
    </ClCompile>
    <ClCompile Include="f64_to_ui64.c">
      <Filter>源文件</Filter>
    </ClCompile>
    <ClCompile Include="f64_to_ui64_r_minMag.c">
      <Filter>源文件</Filter>
    </ClCompile>
    <ClCompile Include="f128_addsub.c">
      <Filter>源文件</Filter>
    </ClCompile>
    <ClCompile Include="f128_div.c">
      <Filter>源文件</Filter>
    </ClCompile>
    <ClCompile Include="f128_mul.c">
      <Filter>源文件</Filter>
    </ClCompile>
    <ClCompile Include="f128_mulAdd.c">
      <Filter>源文件</Filter>
    </ClCompile>
    <ClCompile Include="f128_roundToInt.c">
      <Filter>源文件</Filter>
    </ClCompile>
    <ClCompile Include="f128_to_extF80.c">
      <Filter>源文件</Filter>
    </ClCompile>
    <ClCompile Include="f128_to_f32.c">
      <Filter>源文件</Filter>
    </ClCompile>
    <ClCompile Include="f128_to_f64.c">
      <Filter>源文件</Filter>
    </ClCompile>
    <ClCompile Include="f128_to_i32.c">
      <Filter>源文件</Filter>
    </ClCompile>
    <ClCompile Include="f128_to_i32_r_minMag.c">
      <Filter>源文件</Filter>
    </ClCompile>
    <ClCompile Include="f128_to_i64.c">
      <Filter>源文件</Filter>
    </ClCompile>
    <ClCompile Include="f128_to_i64_r_minMag.c">
      <Filter>源文件</Filter>
    </ClCompile>
    <ClCompile Include="f128_to_ui32.c">
      <Filter>源文件</Filter>
    </ClCompile>
    <ClCompile Include="f128_to_ui32_r_minMag.c">
      <Filter>源文件</Filter>
    </ClCompile>
    <ClCompile Include="f128_to_ui64.c">
      <Filter>源文件</Filter>
    </ClCompile>
    <ClCompile Include="f128_to_ui64_r_minMag.c">
      <Filter>源文件</Filter>
    </ClCompile>
    <ClCompile Include="i32_to_extF80.c">
      <Filter>源文件</Filter>
    </ClCompile>
    <ClCompile Include="i32_to_f16.c">
      <Filter>源文件</Filter>
    </ClCompile>
    <ClCompile Include="i32_to_f32.c">
      <Filter>源文件</Filter>
    </ClCompile>
    <ClCompile Include="i32_to_f64.c">
      <Filter>源文件</Filter>
    </ClCompile>
    <ClCompile Include="i32_to_f128.c">
      <Filter>源文件</Filter>
    </ClCompile>
    <ClCompile Include="i64_to_extF80.c">
      <Filter>源文件</Filter>
    </ClCompile>
    <ClCompile Include="i64_to_f16.c">
      <Filter>源文件</Filter>
    </ClCompile>
    <ClCompile Include="i64_to_f32.c">
      <Filter>源文件</Filter>
    </ClCompile>
    <ClCompile Include="i64_to_f64.c">
      <Filter>源文件</Filter>
    </ClCompile>
    <ClCompile Include="i64_to_f128.c">
      <Filter>源文件</Filter>
    </ClCompile>
    <ClCompile Include="extF80_addsub.c">
      <Filter>源文件</Filter>
    </ClCompile>
    <ClCompile Include="extF80_class.c">
      <Filter>源文件</Filter>
    </ClCompile>
    <ClCompile Include="extF80_compare.c">
      <Filter>源文件</Filter>
    </ClCompile>
    <ClCompile Include="extF80_div.c">
      <Filter>源文件</Filter>
    </ClCompile>
    <ClCompile Include="extF80_extract.c">
      <Filter>源文件</Filter>
    </ClCompile>
    <ClCompile Include="extF80_mul.c">
      <Filter>源文件</Filter>
    </ClCompile>
    <ClCompile Include="extF80_rem.c">
      <Filter>源文件</Filter>
    </ClCompile>
    <ClCompile Include="extF80_roundToInt.c">
      <Filter>源文件</Filter>
    </ClCompile>
    <ClCompile Include="extF80_scale.c">
      <Filter>源文件</Filter>
    </ClCompile>
    <ClCompile Include="extF80_sqrt.c">
      <Filter>源文件</Filter>
    </ClCompile>
    <ClCompile Include="extF80_to_f16.c">
      <Filter>源文件</Filter>
    </ClCompile>
    <ClCompile Include="extF80_to_f32.c">
      <Filter>源文件</Filter>
    </ClCompile>
    <ClCompile Include="extF80_to_f64.c">
      <Filter>源文件</Filter>
    </ClCompile>
    <ClCompile Include="extF80_to_f128.c">
      <Filter>源文件</Filter>
    </ClCompile>
    <ClCompile Include="extF80_to_i32.c">
      <Filter>源文件</Filter>
    </ClCompile>
    <ClCompile Include="extF80_to_i32_r_minMag.c">
      <Filter>源文件</Filter>
    </ClCompile>
    <ClCompile Include="extF80_to_i64.c">
      <Filter>源文件</Filter>
    </ClCompile>
    <ClCompile Include="extF80_to_i64_r_minMag.c">
      <Filter>源文件</Filter>
    </ClCompile>
    <ClCompile Include="extF80_to_ui32.c">
      <Filter>源文件</Filter>
    </ClCompile>
    <ClCompile Include="extF80_to_ui32_r_minMag.c">
      <Filter>源文件</Filter>
    </ClCompile>
    <ClCompile Include="extF80_to_ui64.c">
      <Filter>源文件</Filter>
    </ClCompile>
    <ClCompile Include="extF80_to_ui64_r_minMag.c">
      <Filter>源文件</Filter>
    </ClCompile>
    <ClCompile Include="isNaN.c">
      <Filter>源文件</Filter>
    </ClCompile>
    <ClCompile Include="isSignalingNaN.c">
      <Filter>源文件</Filter>
    </ClCompile>
    <ClCompile Include="s_add128.c">
      <Filter>源文件</Filter>
    </ClCompile>
    <ClCompile Include="s_add256M.c">
      <Filter>源文件</Filter>
    </ClCompile>
    <ClCompile Include="s_addMagsExtF80.c">
      <Filter>源文件</Filter>
    </ClCompile>
    <ClCompile Include="s_addMagsF16.c">
      <Filter>源文件</Filter>
    </ClCompile>
    <ClCompile Include="s_addMagsF32.c">
      <Filter>源文件</Filter>
    </ClCompile>
    <ClCompile Include="s_addMagsF64.c">
      <Filter>源文件</Filter>
    </ClCompile>
    <ClCompile Include="s_addMagsF128.c">
      <Filter>源文件</Filter>
    </ClCompile>
    <ClCompile Include="s_approxRecip_1Ks.c">
      <Filter>源文件</Filter>
    </ClCompile>
    <ClCompile Include="s_approxRecipSqrt_1Ks.c">
      <Filter>源文件</Filter>
    </ClCompile>
    <ClCompile Include="s_approxRecipSqrt32_1.c">
      <Filter>源文件</Filter>
    </ClCompile>
    <ClCompile Include="s_countLeadingZeros8.c">
      <Filter>源文件</Filter>
    </ClCompile>
    <ClCompile Include="s_countLeadingZeros16.c">
      <Filter>源文件</Filter>
    </ClCompile>
    <ClCompile Include="s_countLeadingZeros32.c">
      <Filter>源文件</Filter>
    </ClCompile>
    <ClCompile Include="s_countLeadingZeros64.c">
      <Filter>源文件</Filter>
    </ClCompile>
    <ClCompile Include="s_eq128.c">
      <Filter>源文件</Filter>
    </ClCompile>
    <ClCompile Include="s_le128.c">
      <Filter>源文件</Filter>
    </ClCompile>
    <ClCompile Include="s_lt128.c">
      <Filter>源文件</Filter>
    </ClCompile>
    <ClCompile Include="s_mul64ByShifted32To128.c">
      <Filter>源文件</Filter>
    </ClCompile>
    <ClCompile Include="s_mul64To128.c">
      <Filter>源文件</Filter>
    </ClCompile>
    <ClCompile Include="s_mul128By32.c">
      <Filter>源文件</Filter>
    </ClCompile>
    <ClCompile Include="s_mul128To256M.c">
      <Filter>源文件</Filter>
    </ClCompile>
    <ClCompile Include="s_normRoundPackToExtF80.c">
      <Filter>源文件</Filter>
    </ClCompile>
    <ClCompile Include="s_normRoundPackToF16.c">
      <Filter>源文件</Filter>
    </ClCompile>
    <ClCompile Include="s_normRoundPackToF32.c">
      <Filter>源文件</Filter>
    </ClCompile>
    <ClCompile Include="s_normRoundPackToF64.c">
      <Filter>源文件</Filter>
    </ClCompile>
    <ClCompile Include="s_normRoundPackToF128.c">
      <Filter>源文件</Filter>
    </ClCompile>
    <ClCompile Include="s_normSubnormalExtF80Sig.c">
      <Filter>源文件</Filter>
    </ClCompile>
    <ClCompile Include="s_normSubnormalF16Sig.c">
      <Filter>源文件</Filter>
    </ClCompile>
    <ClCompile Include="s_normSubnormalF32Sig.c">
      <Filter>源文件</Filter>
    </ClCompile>
    <ClCompile Include="s_normSubnormalF64Sig.c">
      <Filter>源文件</Filter>
    </ClCompile>
    <ClCompile Include="s_normSubnormalF128Sig.c">
      <Filter>源文件</Filter>
    </ClCompile>
    <ClCompile Include="s_packToExtF80.c">
      <Filter>源文件</Filter>
    </ClCompile>
    <ClCompile Include="s_roundPackToExtF80.c">
      <Filter>源文件</Filter>
    </ClCompile>
    <ClCompile Include="s_roundPackToF16.c">
      <Filter>源文件</Filter>
    </ClCompile>
    <ClCompile Include="s_roundPackToF32.c">
      <Filter>源文件</Filter>
    </ClCompile>
    <ClCompile Include="s_roundPackToF64.c">
      <Filter>源文件</Filter>
    </ClCompile>
    <ClCompile Include="s_roundPackToF128.c">
      <Filter>源文件</Filter>
    </ClCompile>
    <ClCompile Include="s_roundToI8.c">
      <Filter>源文件</Filter>
    </ClCompile>
    <ClCompile Include="s_roundToI16.c">
      <Filter>源文件</Filter>
    </ClCompile>
    <ClCompile Include="s_roundToI32.c">
      <Filter>源文件</Filter>
    </ClCompile>
    <ClCompile Include="s_roundToI64.c">
      <Filter>源文件</Filter>
    </ClCompile>
    <ClCompile Include="s_roundToUI8.c">
      <Filter>源文件</Filter>
    </ClCompile>
    <ClCompile Include="s_roundToUI16.c">
      <Filter>源文件</Filter>
    </ClCompile>
    <ClCompile Include="s_roundToUI32.c">
      <Filter>源文件</Filter>
    </ClCompile>
    <ClCompile Include="s_roundToUI64.c">
      <Filter>源文件</Filter>
    </ClCompile>
    <ClCompile Include="s_shiftRightJam32.c">
      <Filter>源文件</Filter>
    </ClCompile>
    <ClCompile Include="s_shiftRightJam64.c">
      <Filter>源文件</Filter>
    </ClCompile>
    <ClCompile Include="s_shiftRightJam64Extra.c">
      <Filter>源文件</Filter>
    </ClCompile>
    <ClCompile Include="s_shiftRightJam128.c">
      <Filter>源文件</Filter>
    </ClCompile>
    <ClCompile Include="s_shiftRightJam128Extra.c">
      <Filter>源文件</Filter>
    </ClCompile>
    <ClCompile Include="s_shiftRightJam256M.c">
      <Filter>源文件</Filter>
    </ClCompile>
    <ClCompile Include="s_shortShiftLeft128.c">
      <Filter>源文件</Filter>
    </ClCompile>
    <ClCompile Include="s_shortShiftRight128.c">
      <Filter>源文件</Filter>
    </ClCompile>
    <ClCompile Include="s_shortShiftRightJam64.c">
      <Filter>源文件</Filter>
    </ClCompile>
    <ClCompile Include="s_shortShiftRightJam64Extra.c">
      <Filter>源文件</Filter>
    </ClCompile>
    <ClCompile Include="s_shortShiftRightJam128.c">
      <Filter>源文件</Filter>
    </ClCompile>
    <ClCompile Include="s_shortShiftRightJam128Extra.c">
      <Filter>源文件</Filter>
    </ClCompile>
    <ClCompile Include="s_sub128.c">
      <Filter>源文件</Filter>
    </ClCompile>
    <ClCompile Include="s_sub256M.c">
      <Filter>源文件</Filter>
    </ClCompile>
    <ClCompile Include="s_subMagsExtF80.c">
      <Filter>源文件</Filter>
    </ClCompile>
    <ClCompile Include="s_subMagsF16.c">
      <Filter>源文件</Filter>
    </ClCompile>
    <ClCompile Include="s_subMagsF32.c">
      <Filter>源文件</Filter>
    </ClCompile>
    <ClCompile Include="s_subMagsF64.c">
      <Filter>源文件</Filter>
    </ClCompile>
    <ClCompile Include="s_subMagsF128.c">
      <Filter>源文件</Filter>
    </ClCompile>
    <ClCompile Include="aes.cc">
      <Filter>源文件</Filter>
    </ClCompile>
    <ClCompile Include="crc32.cc">
      <Filter>源文件</Filter>
    </ClCompile>
    <ClCompile Include="sse_move.cc">
      <Filter>源文件</Filter>
    </ClCompile>
    <ClCompile Include="sse_rcp.cc">
      <Filter>源文件</Filter>
    </ClCompile>
    <ClCompile Include="sse_string.cc">
      <Filter>源文件</Filter>
    </ClCompile>
    <ClCompile Include="3dnow.cc">
      <Filter>源文件</Filter>
    </ClCompile>
    <ClCompile Include="3dnow_rcp.cc">
      <Filter>源文件</Filter>
    </ClCompile>
    <ClCompile Include="sha.cc">
      <Filter>源文件</Filter>
    </ClCompile>
    <ClCompile Include="sha512.cc">
      <Filter>源文件</Filter>
    </ClCompile>
    <ClCompile Include="sm3.cc">
      <Filter>源文件</Filter>
    </ClCompile>
    <ClCompile Include="sm4.cc">
      <Filter>源文件</Filter>
    </ClCompile>
    <ClCompile Include="amx.cc">
      <Filter>源文件</Filter>
    </ClCompile>
  </ItemGroup>
  <ItemGroup>
    <ClInclude Include="bochs.h">
      <Filter>头文件</Filter>
    </ClInclude>
    <ClInclude Include="config.h">
      <Filter>头文件</Filter>
    </ClInclude>
    <ClInclude Include="cpu.h">
      <Filter>头文件</Filter>
    </ClInclude>
    <ClInclude Include="icache.h">
      <Filter>头文件</Filter>
    </ClInclude>
    <ClInclude Include="instr.h">
      <Filter>头文件</Filter>
    </ClInclude>
    <ClInclude Include="memory-bochs.h">
      <Filter>头文件</Filter>
    </ClInclude>
    <ClInclude Include="pci.h">
      <Filter>头文件</Filter>
    </ClInclude>
    <ClInclude Include="siminterface.h">
      <Filter>头文件</Filter>
    </ClInclude>
    <ClInclude Include="decoder.h">
      <Filter>头文件</Filter>
    </ClInclude>
    <ClInclude Include="cpustats.h">
      <Filter>头文件</Filter>
    </ClInclude>
    <ClInclude Include="descriptor.h">
      <Filter>头文件</Filter>
    </ClInclude>
    <ClInclude Include="tlb.h">
      <Filter>头文件</Filter>
    </ClInclude>
    <ClInclude Include="iodev.h">
      <Filter>头文件</Filter>
    </ClInclude>
    <ClInclude Include="cpuid.h">
      <Filter>头文件</Filter>
    </ClInclude>
    <ClInclude Include="bswap.h">
      <Filter>头文件</Filter>
    </ClInclude>
    <ClInclude Include="instrument.h">
      <Filter>头文件</Filter>
    </ClInclude>
    <ClInclude Include="fetchdecode.h">
      <Filter>头文件</Filter>
    </ClInclude>
    <ClInclude Include="ia_opcodes.h">
      <Filter>头文件</Filter>
    </ClInclude>
    <ClInclude Include="fetchdecode_opmap.h">
      <Filter>头文件</Filter>
    </ClInclude>
    <ClInclude Include="fetchdecode_x87.h">
      <Filter>头文件</Filter>
    </ClInclude>
    <ClInclude Include="features.h">
      <Filter>头文件</Filter>
    </ClInclude>
    <ClInclude Include="vmx.h">
      <Filter>头文件</Filter>
    </ClInclude>
    <ClInclude Include="vmx_ctrls.h">
      <Filter>头文件</Filter>
    </ClInclude>
    <ClInclude Include="xmm.h">
      <Filter>头文件</Filter>
    </ClInclude>
    <ClInclude Include="softfloat.h">
      <Filter>头文件</Filter>
    </ClInclude>
    <ClInclude Include="simd_int.h">
      <Filter>头文件</Filter>
    </ClInclude>
    <ClInclude Include="simd_pfp.h">
      <Filter>头文件</Filter>
    </ClInclude>
    <ClInclude Include="simd_compare.h">
      <Filter>头文件</Filter>
    </ClInclude>
    <ClInclude Include="vcruntime.h">
      <Filter>头文件</Filter>
    </ClInclude>
    <ClInclude Include="param_names.h">
      <Filter>头文件</Filter>
    </ClInclude>
    <ClInclude Include="paramtree.h">
      <Filter>头文件</Filter>
    </ClInclude>
    <ClInclude Include="crregs.h">
      <Filter>头文件</Filter>
    </ClInclude>
    <ClInclude Include="ddc.h">
      <Filter>头文件</Filter>
    </ClInclude>
    <ClInclude Include="svm.h">
      <Filter>头文件</Filter>
    </ClInclude>
    <ClInclude Include="smm.h">
      <Filter>头文件</Filter>
    </ClInclude>
    <ClInclude Include="pc_system.h">
      <Filter>头文件</Filter>
    </ClInclude>
    <ClInclude Include="osdep.h">
      <Filter>头文件</Filter>
    </ClInclude>
    <ClInclude Include="lazy_flags.h">
      <Filter>头文件</Filter>
    </ClInclude>
    <ClInclude Include="debug.h">
      <Filter>头文件</Filter>
    </ClInclude>
    <ClInclude Include="plugin.h">
      <Filter>头文件</Filter>
    </ClInclude>
    <ClInclude Include="unmapped.h">
      <Filter>头文件</Filter>
    </ClInclude>
    <ClInclude Include="extplugin.h">
      <Filter>头文件</Filter>
    </ClInclude>
    <ClInclude Include="cmos.h">
      <Filter>头文件</Filter>
    </ClInclude>
    <ClInclude Include="utctime.h">
      <Filter>头文件</Filter>
    </ClInclude>
    <ClInclude Include="MD5.h">
      <Filter>头文件</Filter>
    </ClInclude>
    <ClInclude Include="i387.h">
      <Filter>头文件</Filter>
    </ClInclude>
    <ClInclude Include="access.h">
      <Filter>头文件</Filter>
    </ClInclude>
    <ClInclude Include="apic.h">
      <Filter>头文件</Filter>
    </ClInclude>
    <ClInclude Include="stack.h">
      <Filter>头文件</Filter>
    </ClInclude>
    <ClInclude Include="scalar_arith.h">
      <Filter>头文件</Filter>
    </ClInclude>
    <ClInclude Include="dma.h">
      <Filter>头文件</Filter>
    </ClInclude>
    <ClInclude Include="keyboard.h">
      <Filter>头文件</Filter>
    </ClInclude>
    <ClInclude Include="gui.h">
      <Filter>头文件</Filter>
    </ClInclude>
    <ClInclude Include="harddrv.h">
      <Filter>头文件</Filter>
    </ClInclude>
    <ClInclude Include="floppy.h">
      <Filter>头文件</Filter>
    </ClInclude>
    <ClInclude Include="hpet.h">
      <Filter>头文件</Filter>
    </ClInclude>
    <ClInclude Include="ioapic.h">
      <Filter>头文件</Filter>
    </ClInclude>
    <ClInclude Include="scancodes.h">
      <Filter>头文件</Filter>
    </ClInclude>
    <ClInclude Include="msr.h">
      <Filter>头文件</Filter>
    </ClInclude>
    <ClInclude Include="wide_int.h">
      <Filter>头文件</Filter>
    </ClInclude>
    <ClInclude Include="parallel.h">
      <Filter>头文件</Filter>
    </ClInclude>
    <ClInclude Include="serial.h">
      <Filter>头文件</Filter>
    </ClInclude>
    <ClInclude Include="pic.h">
      <Filter>头文件</Filter>
    </ClInclude>
    <ClInclude Include="biosdev.h">
      <Filter>头文件</Filter>
    </ClInclude>
    <ClInclude Include="i386.h">
      <Filter>头文件</Filter>
    </ClInclude>
    <ClInclude Include="i486dx4.h">
      <Filter>头文件</Filter>
    </ClInclude>
    <ClInclude Include="corei7_haswell_4770.h">
      <Filter>头文件</Filter>
    </ClInclude>
    <ClInclude Include="pit.h">
      <Filter>头文件</Filter>
    </ClInclude>
    <ClInclude Include="pit82c54.h">
      <Filter>头文件</Filter>
    </ClInclude>
    <ClInclude Include="speaker.h">
      <Filter>头文件</Filter>
    </ClInclude>
    <ClInclude Include="bxthread.h">
      <Filter>头文件</Filter>
    </ClInclude>
    <ClInclude Include="soundlow.h">
      <Filter>头文件</Filter>
    </ClInclude>
    <ClInclude Include="soundmod.h">
      <Filter>头文件</Filter>
    </ClInclude>
    <ClInclude Include="virt_timer.h">
      <Filter>头文件</Filter>
    </ClInclude>
    <ClInclude Include="vga.h">
      <Filter>头文件</Filter>
    </ClInclude>
    <ClInclude Include="vgacore.h">
      <Filter>头文件</Filter>
    </ClInclude>
    <ClInclude Include="pci2isa.h">
      <Filter>头文件</Filter>
    </ClInclude>
    <ClInclude Include="pci_ide.h">
      <Filter>头文件</Filter>
    </ClInclude>
    <ClInclude Include="usb_uhci.h">
      <Filter>头文件</Filter>
    </ClInclude>
    <ClInclude Include="uhci_core.h">
      <Filter>头文件</Filter>
    </ClInclude>
    <ClInclude Include="usb_common.h">
      <Filter>头文件</Filter>
    </ClInclude>
    <ClInclude Include="usb_pcap.h">
      <Filter>头文件</Filter>
    </ClInclude>
    <ClInclude Include="acpi.h">
      <Filter>头文件</Filter>
    </ClInclude>
    <ClInclude Include="softfloat_types.h">
      <Filter>头文件</Filter>
    </ClInclude>
    <ClInclude Include="hdimage.h">
      <Filter>头文件</Filter>
    </ClInclude>
    <ClInclude Include="cdrom.h">
      <Filter>头文件</Filter>
    </ClInclude>
    <ClInclude Include="cdrom_amigaos.h">
      <Filter>头文件</Filter>
    </ClInclude>
    <ClInclude Include="cdrom_misc.h">
      <Filter>头文件</Filter>
    </ClInclude>
    <ClInclude Include="cdrom_osx.h">
      <Filter>头文件</Filter>
    </ClInclude>
    <ClInclude Include="cdrom_win32.h">
      <Filter>头文件</Filter>
    </ClInclude>
    <ClInclude Include="sdl.h">
      <Filter>头文件</Filter>
    </ClInclude>
    <ClInclude Include="floppya.h">
      <Filter>头文件</Filter>
    </ClInclude>
    <ClInclude Include="floppyb.h">
      <Filter>头文件</Filter>
    </ClInclude>
    <ClInclude Include="mouse.h">
      <Filter>头文件</Filter>
    </ClInclude>
    <ClInclude Include="reset.h">
      <Filter>头文件</Filter>
    </ClInclude>
    <ClInclude Include="power.h">
      <Filter>头文件</Filter>
    </ClInclude>
    <ClInclude Include="snapshot.h">
      <Filter>头文件</Filter>
    </ClInclude>
    <ClInclude Include="copy.h">
      <Filter>头文件</Filter>
    </ClInclude>
    <ClInclude Include="paste.h">
      <Filter>头文件</Filter>
    </ClInclude>
    <ClInclude Include="configbutton.h">
      <Filter>头文件</Filter>
    </ClInclude>
    <ClInclude Include="cdrom1.h">
      <Filter>头文件</Filter>
    </ClInclude>
    <ClInclude Include="userbutton.h">
      <Filter>头文件</Filter>
    </ClInclude>
    <ClInclude Include="saverestore.h">
      <Filter>头文件</Filter>
    </ClInclude>
    <ClInclude Include="keymap.h">
      <Filter>头文件</Filter>
    </ClInclude>
    <ClInclude Include="icon_bochs.h">
      <Filter>头文件</Filter>
    </ClInclude>
    <ClInclude Include="win32dialog.h">
      <Filter>头文件</Filter>
    </ClInclude>
    <ClInclude Include="win32res.h">
      <Filter>头文件</Filter>
    </ClInclude>
    <ClInclude Include="vga.bitmap.h">
      <Filter>头文件</Filter>
    </ClInclude>
    <ClInclude Include="win32paramdlg.h">
      <Filter>头文件</Filter>
    </ClInclude>
    <ClInclude Include="scrollwin.h">
      <Filter>头文件</Filter>
    </ClInclude>
    <ClInclude Include="softfloat-compare.h">
      <Filter>头文件</Filter>
    </ClInclude>
    <ClInclude Include="softfloat-extra.h">
      <Filter>头文件</Filter>
    </ClInclude>
    <ClInclude Include="internals.h">
      <Filter>头文件</Filter>
    </ClInclude>
    <ClInclude Include="primitives.h">
      <Filter>头文件</Filter>
    </ClInclude>
    <ClInclude Include="specialize.h">
      <Filter>头文件</Filter>
    </ClInclude>
    <ClInclude Include="tag_w.h">
      <Filter>头文件</Filter>
    </ClInclude>
    <ClInclude Include="status_w.h">
      <Filter>头文件</Filter>
    </ClInclude>
    <ClInclude Include="control_w.h">
      <Filter>头文件</Filter>
    </ClInclude>
    <ClInclude Include="softfloat-specialize.h">
      <Filter>头文件</Filter>
    </ClInclude>
    <ClInclude Include="amx.h">
      <Filter>头文件</Filter>
    </ClInclude>
    <ClInclude Include="bf16.h">
      <Filter>头文件</Filter>
    </ClInclude>
  </ItemGroup>
  <ItemGroup>
    <None Include="ia_opcodes.def">
      <Filter>源文件</Filter>
    </None>
  </ItemGroup>
</Project>