<?xml version="1.0" encoding="utf-8"?>
<Project ToolsVersion="4.0" xmlns="http://schemas.microsoft.com/developer/msbuild/2003">
  <ItemGroup>
    <Filter Include="源文件">
      <UniqueIdentifier>{4FC737F1-C7A5-4376-A066-2A32D752A2FF}</UniqueIdentifier>
      <Extensions>cpp;c;cc;cxx;c++;cppm;ixx;def;odl;idl;hpj;bat;asm;asmx</Extensions>
    </Filter>
    <Filter Include="头文件">
      <UniqueIdentifier>{93995380-89BD-4b04-88EB-625FBE52EBFB}</UniqueIdentifier>
      <Extensions>h;hh;hpp;hxx;h++;hm;inl;inc;ipp;xsd</Extensions>
    </Filter>
    <Filter Include="资源文件">
      <UniqueIdentifier>{67DA6AB6-F800-4c08-8B7A-83BB121AAD01}</UniqueIdentifier>
      <Extensions>rc;ico;cur;bmp;dlg;rc2;rct;bin;rgs;gif;jpg;jpeg;jpe;resx;tiff;tif;png;wav;mfcribbon-ms</Extensions>
    </Filter>
  </ItemGroup>
  <ItemGroup>
    <ClCompile Include="cpu.cc">
      <Filter>源文件</Filter>
    </ClCompile>
    <ClCompile Include="main.cpp">
      <Filter>源文件</Filter>
    </ClCompile>
    <ClCompile Include="init.cc">
      <Filter>源文件</Filter>
    </ClCompile>
    <ClCompile Include="siminterface.cc">
      <Filter>源文件</Filter>
    </ClCompile>
    <ClCompile Include="paging.cc">
      <Filter>源文件</Filter>
    </ClCompile>
    <ClCompile Include="misc_mem.cc">
      <Filter>源文件</Filter>
    </ClCompile>
    <ClCompile Include="memory_stub.cc">
      <Filter>源文件</Filter>
    </ClCompile>
    <ClCompile Include="icache.cc">
      <Filter>源文件</Filter>
    </ClCompile>
    <ClCompile Include="fetchdecode32.cc">
      <Filter>源文件</Filter>
    </ClCompile>
    <ClCompile Include="fetchdecode_opmap_0f38.cc">
      <Filter>源文件</Filter>
    </ClCompile>
    <ClCompile Include="fetchdecode64.cc">
      <Filter>源文件</Filter>
    </ClCompile>
    <ClCompile Include="disasm.cc">
      <Filter>源文件</Filter>
    </ClCompile>
    <ClCompile Include="fetchdecode_opmap_avx.cc">
      <Filter>源文件</Filter>
    </ClCompile>
    <ClCompile Include="fetchdecode_opmap_evex.cc">
      <Filter>源文件</Filter>
    </ClCompile>
    <ClCompile Include="fetchdecode_opmap_xop.cc">
      <Filter>源文件</Filter>
    </ClCompile>
    <ClCompile Include="cpuid.cc">
      <Filter>源文件</Filter>
    </ClCompile>
    <ClCompile Include="proc_ctrl.cc">
      <Filter>源文件</Filter>
    </ClCompile>
    <ClCompile Include="fetchdecode_opmap_0f3a.cc">
      <Filter>源文件</Filter>
    </ClCompile>
    <ClCompile Include="paramtree.cc">
      <Filter>源文件</Filter>
    </ClCompile>
  </ItemGroup>
  <ItemGroup>
    <ClInclude Include="bochs.h">
      <Filter>头文件</Filter>
    </ClInclude>
    <ClInclude Include="config.h">
      <Filter>头文件</Filter>
    </ClInclude>
    <ClInclude Include="cpu.h">
      <Filter>头文件</Filter>
    </ClInclude>
    <ClInclude Include="icache.h">
      <Filter>头文件</Filter>
    </ClInclude>
    <ClInclude Include="instr.h">
      <Filter>头文件</Filter>
    </ClInclude>
    <ClInclude Include="memory-bochs.h">
      <Filter>头文件</Filter>
    </ClInclude>
    <ClInclude Include="siminterface.h">
      <Filter>头文件</Filter>
    </ClInclude>
    <ClInclude Include="decoder.h">
      <Filter>头文件</Filter>
    </ClInclude>
    <ClInclude Include="cpustats.h">
      <Filter>头文件</Filter>
    </ClInclude>
    <ClInclude Include="descriptor.h">
      <Filter>头文件</Filter>
    </ClInclude>
    <ClInclude Include="tlb.h">
      <Filter>头文件</Filter>
    </ClInclude>
    <ClInclude Include="iodev.h">
      <Filter>头文件</Filter>
    </ClInclude>
    <ClInclude Include="cpuid.h">
      <Filter>头文件</Filter>
    </ClInclude>
    <ClInclude Include="bswap.h">
      <Filter>头文件</Filter>
    </ClInclude>
    <ClInclude Include="instrument.h">
      <Filter>头文件</Filter>
    </ClInclude>
    <ClInclude Include="fetchdecode.h">
      <Filter>头文件</Filter>
    </ClInclude>
    <ClInclude Include="ia_opcodes.h">
      <Filter>头文件</Filter>
    </ClInclude>
    <ClInclude Include="fetchdecode_opmap.h">
      <Filter>头文件</Filter>
    </ClInclude>
    <ClInclude Include="fetchdecode_x87.h">
      <Filter>头文件</Filter>
    </ClInclude>
    <ClInclude Include="features.h">
      <Filter>头文件</Filter>
    </ClInclude>
    <ClInclude Include="vmx.h">
      <Filter>头文件</Filter>
    </ClInclude>
    <ClInclude Include="vmx_ctrls.h">
      <Filter>头文件</Filter>
    </ClInclude>
    <ClInclude Include="xmm.h">
      <Filter>头文件</Filter>
    </ClInclude>
    <ClInclude Include="softfloat.h">
      <Filter>头文件</Filter>
    </ClInclude>
    <ClInclude Include="simd_int.h">
      <Filter>头文件</Filter>
    </ClInclude>
    <ClInclude Include="simd_pfp.h">
      <Filter>头文件</Filter>
    </ClInclude>
    <ClInclude Include="simd_compare.h">
      <Filter>头文件</Filter>
    </ClInclude>
    <ClInclude Include="vcruntime.h">
      <Filter>头文件</Filter>
    </ClInclude>
    <ClInclude Include="param_names.h">
      <Filter>头文件</Filter>
    </ClInclude>
    <ClInclude Include="paramtree.h">
      <Filter>头文件</Filter>
    </ClInclude>
  </ItemGroup>
  <ItemGroup>
    <None Include="ia_opcodes.def">
      <Filter>源文件</Filter>
    </None>
  </ItemGroup>
</Project>